{
  "name": "asl-svxlink-bridge",
  "version": "0.1.0",
  "lockfileVersion": 3,
  "requires": true,
  "packages": {
    "": {
      "name": "asl-svxlink-bridge",
      "version": "0.1.0",
      "license": "MIT",
      "dependencies": {
        "opusscript": "^0.1.1"
      },
      "bin": {
        "asl-svxlink-bridge": "src/index.js"
      },
      "engines": {
        "node": ">=20"
      }
    },
    "node_modules/opusscript": {
      "version": "0.1.1",
      "resolved": "https://registry.npmjs.org/opusscript/-/opusscript-0.1.1.tgz",
      "integrity": "sha512-mL0fZZOUnXdZ78woRXp18lApwpp0lF5tozJOD1Wut0dgrA9WuQTgSels/CSmFleaAZrJi/nci5KOVtbuxeWoQA==",
      "license": "MIT"
    }
  }
}
